
Microsoft Visual Studio Solution File, Format Version 12.00
# Visual Studio Version 17
VisualStudioVersion = 17.14.36811.4 d17.14
MinimumVisualStudioVersion = 10.0.40219.1
Project("{FAE04EC0-301F-11D3-BF4B-00C04F79EFBC}") = "qlrv", "qlrv\qlrv.csproj", "{1AB2FF9F-90D0-426E-BF5E-A7797B9B6852}"
EndProject
Global
	GlobalSection(SolutionConfigurationPlatforms) = preSolution
		Debug|Any CPU = Debug|Any CPU
		Release|Any CPU = Release|Any CPU
	EndGlobalSection
	GlobalSection(ProjectConfigurationPlatforms) = postSolution
		{1AB2FF9F-90D0-426E-BF5E-A7797B9B6852}.Debug|Any CPU.ActiveCfg = Debug|Any CPU
		{1AB2FF9F-90D0-426E-BF5E-A7797B9B6852}.Debug|Any CPU.Build.0 = Debug|Any CPU
		{1AB2FF9F-90D0-426E-BF5E-A7797B9B6852}.Release|Any CPU.ActiveCfg = Release|Any CPU
		{1AB2FF9F-90D0-426E-BF5E-A7797B9B6852}.Release|Any CPU.Build.0 = Release|Any CPU
	EndGlobalSection
	GlobalSection(SolutionProperties) = preSolution
		HideSolutionNode = FALSE
	EndGlobalSection
	GlobalSection(ExtensibilityGlobals) = postSolution
		SolutionGuid = {B9A4126E-AAC0-4D36-AE28-4304CB67D3B8}
	EndGlobalSection
EndGlobal
